// !$*UTF8*$!
{
	archiveVersion = 1;
	classes = {
	};
	objectVersion = 56;
	objects = {

/* Begin PBXBuildFile section */
		6F0D887E2C06571900BFDC41 /* swifty-logo.png in Resources */ = {isa = PBXBuildFile; fileRef = 6F0D887D2C06571900BFDC41 /* swifty-logo.png */; };
		6F413E9A2C0497C8000BAE8F /* db.swift in Sources */ = {isa = PBXBuildFile; fileRef = 6F413E992C0497C8000BAE8F /* db.swift */; };
		6F413E9C2C0497F5000BAE8F /* SQLite in Frameworks */ = {isa = PBXBuildFile; productRef = 6F413E9B2C0497F5000BAE8F /* SQLite */; };
		6F413E9E2C049A82000BAE8F /* LoginViewModel.swift in Sources */ = {isa = PBXBuildFile; fileRef = 6F413E9D2C049A82000BAE8F /* LoginViewModel.swift */; };
		6F413EA02C049AD7000BAE8F /* CreateAccountViewModel.swift in Sources */ = {isa = PBXBuildFile; fileRef = 6F413E9F2C049AD7000BAE8F /* CreateAccountViewModel.swift */; };
		6F413EA22C049B24000BAE8F /* CreateAccountView.swift in Sources */ = {isa = PBXBuildFile; fileRef = 6F413EA12C049B24000BAE8F /* CreateAccountView.swift */; };
		6F910C6C2C091DE700477A27 /* 120.png in Resources */ = {isa = PBXBuildFile; fileRef = 6F910C612C091DE700477A27 /* 120.png */; };
		6F910C6D2C091DE700477A27 /* 87.png in Resources */ = {isa = PBXBuildFile; fileRef = 6F910C622C091DE700477A27 /* 87.png */; };
		6F910C6E2C091DE700477A27 /* 60.png in Resources */ = {isa = PBXBuildFile; fileRef = 6F910C632C091DE700477A27 /* 60.png */; };
		6F910C6F2C091DE700477A27 /* 29.png in Resources */ = {isa = PBXBuildFile; fileRef = 6F910C642C091DE700477A27 /* 29.png */; };
		6F910C702C091DE700477A27 /* 114.png in Resources */ = {isa = PBXBuildFile; fileRef = 6F910C652C091DE700477A27 /* 114.png */; };
		6F910C712C091DE700477A27 /* 57.png in Resources */ = {isa = PBXBuildFile; fileRef = 6F910C662C091DE700477A27 /* 57.png */; };
		6F910C722C091DE700477A27 /* 80.png in Resources */ = {isa = PBXBuildFile; fileRef = 6F910C672C091DE700477A27 /* 80.png */; };
		6F910C732C091DE700477A27 /* 180.png in Resources */ = {isa = PBXBuildFile; fileRef = 6F910C682C091DE700477A27 /* 180.png */; };
		6F910C742C091DE700477A27 /* 1024.png in Resources */ = {isa = PBXBuildFile; fileRef = 6F910C692C091DE700477A27 /* 1024.png */; };
		6F910C752C091DE700477A27 /* 58.png in Resources */ = {isa = PBXBuildFile; fileRef = 6F910C6A2C091DE700477A27 /* 58.png */; };
		6F910C762C091DE700477A27 /* 40.png in Resources */ = {isa = PBXBuildFile; fileRef = 6F910C6B2C091DE700477A27 /* 40.png */; };
		6F910C7B2C091EB400477A27 /* 76.png in Resources */ = {isa = PBXBuildFile; fileRef = 6F910C772C091EB400477A27 /* 76.png */; };
		6F910C7C2C091EB400477A27 /* 128.png in Resources */ = {isa = PBXBuildFile; fileRef = 6F910C782C091EB400477A27 /* 128.png */; };
		6F910C7D2C091EB400477A27 /* 167.png in Resources */ = {isa = PBXBuildFile; fileRef = 6F910C792C091EB400477A27 /* 167.png */; };
		6F910C7E2C091EB400477A27 /* 152.png in Resources */ = {isa = PBXBuildFile; fileRef = 6F910C7A2C091EB400477A27 /* 152.png */; };
		6F910C802C091F4E00477A27 /* 136.png in Resources */ = {isa = PBXBuildFile; fileRef = 6F910C7F2C091F4D00477A27 /* 136.png */; };
		6F910C822C091F5C00477A27 /* 192.png in Resources */ = {isa = PBXBuildFile; fileRef = 6F910C812C091F5C00477A27 /* 192.png */; };
		6FEE429C2BFC10C700D974B8 /* ligand.txt in Resources */ = {isa = PBXBuildFile; fileRef = 6FEE429B2BFC10C600D974B8 /* ligand.txt */; };
		6FEE42A02BFC157200D974B8 /* LoginView.swift in Sources */ = {isa = PBXBuildFile; fileRef = 6FEE429F2BFC157200D974B8 /* LoginView.swift */; };
		6FEE42A22BFC157E00D974B8 /* ProteinListView.swift in Sources */ = {isa = PBXBuildFile; fileRef = 6FEE42A12BFC157E00D974B8 /* ProteinListView.swift */; };
		6FEE42A42BFC158700D974B8 /* ProteinView.swift in Sources */ = {isa = PBXBuildFile; fileRef = 6FEE42A32BFC158700D974B8 /* ProteinView.swift */; };
		6FEE42AC2BFCE9D000D974B8 /* LaunchScreen.storyboard in Resources */ = {isa = PBXBuildFile; fileRef = 6FEE42AB2BFCE9D000D974B8 /* LaunchScreen.storyboard */; };
		6FEE42B12BFE3FD800D974B8 /* ProteinListViewModel.swift in Sources */ = {isa = PBXBuildFile; fileRef = 6FEE42B02BFE3FD800D974B8 /* ProteinListViewModel.swift */; };
		B7BAA5472BF88B730046F051 /* SwiftyProteinsApp.swift in Sources */ = {isa = PBXBuildFile; fileRef = B7BAA5462BF88B730046F051 /* SwiftyProteinsApp.swift */; };
		B7BAA54B2BF88B740046F051 /* Assets.xcassets in Resources */ = {isa = PBXBuildFile; fileRef = B7BAA54A2BF88B740046F051 /* Assets.xcassets */; };
		B7BAA54E2BF88B740046F051 /* Preview Assets.xcassets in Resources */ = {isa = PBXBuildFile; fileRef = B7BAA54D2BF88B740046F051 /* Preview Assets.xcassets */; };
		B7BAA5582BF88B740046F051 /* SwiftyProteinsTests.swift in Sources */ = {isa = PBXBuildFile; fileRef = B7BAA5572BF88B740046F051 /* SwiftyProteinsTests.swift */; };
		B7BAA5622BF88B740046F051 /* SwiftyProteinsUITests.swift in Sources */ = {isa = PBXBuildFile; fileRef = B7BAA5612BF88B740046F051 /* SwiftyProteinsUITests.swift */; };
		B7BAA5642BF88B740046F051 /* SwiftyProteinsUITestsLaunchTests.swift in Sources */ = {isa = PBXBuildFile; fileRef = B7BAA5632BF88B740046F051 /* SwiftyProteinsUITestsLaunchTests.swift */; };
/* End PBXBuildFile section */

/* Begin PBXContainerItemProxy section */
		B7BAA5542BF88B740046F051 /* PBXContainerItemProxy */ = {
			isa = PBXContainerItemProxy;
			containerPortal = B7BAA53B2BF88B730046F051 /* Project object */;
			proxyType = 1;
			remoteGlobalIDString = B7BAA5422BF88B730046F051;
			remoteInfo = SwiftyProteins;
		};
		B7BAA55E2BF88B740046F051 /* PBXContainerItemProxy */ = {
			isa = PBXContainerItemProxy;
			containerPortal = B7BAA53B2BF88B730046F051 /* Project object */;
			proxyType = 1;
			remoteGlobalIDString = B7BAA5422BF88B730046F051;
			remoteInfo = SwiftyProteins;
		};
/* End PBXContainerItemProxy section */

/* Begin PBXFileReference section */
		6F0D887D2C06571900BFDC41 /* swifty-logo.png */ = {isa = PBXFileReference; lastKnownFileType = image.png; name = "swifty-logo.png"; path = "../../../../Downloads/swifty-logo.png"; sourceTree = "<group>"; };
		6F413E992C0497C8000BAE8F /* db.swift */ = {isa = PBXFileReference; lastKnownFileType = sourcecode.swift; path = db.swift; sourceTree = "<group>"; };
		6F413E9D2C049A82000BAE8F /* LoginViewModel.swift */ = {isa = PBXFileReference; lastKnownFileType = sourcecode.swift; path = LoginViewModel.swift; sourceTree = "<group>"; };
		6F413E9F2C049AD7000BAE8F /* CreateAccountViewModel.swift */ = {isa = PBXFileReference; lastKnownFileType = sourcecode.swift; path = CreateAccountViewModel.swift; sourceTree = "<group>"; };
		6F413EA12C049B24000BAE8F /* CreateAccountView.swift */ = {isa = PBXFileReference; lastKnownFileType = sourcecode.swift; path = CreateAccountView.swift; sourceTree = "<group>"; };
		6F910C612C091DE700477A27 /* 120.png */ = {isa = PBXFileReference; lastKnownFileType = image.png; name = 120.png; path = "../../../../Downloads/AppIcons 2/Assets.xcassets/AppIcon.appiconset/120.png"; sourceTree = "<group>"; };
		6F910C622C091DE700477A27 /* 87.png */ = {isa = PBXFileReference; lastKnownFileType = image.png; name = 87.png; path = "../../../../Downloads/AppIcons 2/Assets.xcassets/AppIcon.appiconset/87.png"; sourceTree = "<group>"; };
		6F910C632C091DE700477A27 /* 60.png */ = {isa = PBXFileReference; lastKnownFileType = image.png; name = 60.png; path = "../../../../Downloads/AppIcons 2/Assets.xcassets/AppIcon.appiconset/60.png"; sourceTree = "<group>"; };
		6F910C642C091DE700477A27 /* 29.png */ = {isa = PBXFileReference; lastKnownFileType = image.png; name = 29.png; path = "../../../../Downloads/AppIcons 2/Assets.xcassets/AppIcon.appiconset/29.png"; sourceTree = "<group>"; };
		6F910C652C091DE700477A27 /* 114.png */ = {isa = PBXFileReference; lastKnownFileType = image.png; name = 114.png; path = "../../../../Downloads/AppIcons 2/Assets.xcassets/AppIcon.appiconset/114.png"; sourceTree = "<group>"; };
		6F910C662C091DE700477A27 /* 57.png */ = {isa = PBXFileReference; lastKnownFileType = image.png; name = 57.png; path = "../../../../Downloads/AppIcons 2/Assets.xcassets/AppIcon.appiconset/57.png"; sourceTree = "<group>"; };
		6F910C672C091DE700477A27 /* 80.png */ = {isa = PBXFileReference; lastKnownFileType = image.png; name = 80.png; path = "../../../../Downloads/AppIcons 2/Assets.xcassets/AppIcon.appiconset/80.png"; sourceTree = "<group>"; };
		6F910C682C091DE700477A27 /* 180.png */ = {isa = PBXFileReference; lastKnownFileType = image.png; name = 180.png; path = "../../../../Downloads/AppIcons 2/Assets.xcassets/AppIcon.appiconset/180.png"; sourceTree = "<group>"; };
		6F910C692C091DE700477A27 /* 1024.png */ = {isa = PBXFileReference; lastKnownFileType = image.png; name = 1024.png; path = "../../../../Downloads/AppIcons 2/Assets.xcassets/AppIcon.appiconset/1024.png"; sourceTree = "<group>"; };
		6F910C6A2C091DE700477A27 /* 58.png */ = {isa = PBXFileReference; lastKnownFileType = image.png; name = 58.png; path = "../../../../Downloads/AppIcons 2/Assets.xcassets/AppIcon.appiconset/58.png"; sourceTree = "<group>"; };
		6F910C6B2C091DE700477A27 /* 40.png */ = {isa = PBXFileReference; lastKnownFileType = image.png; name = 40.png; path = "../../../../Downloads/AppIcons 2/Assets.xcassets/AppIcon.appiconset/40.png"; sourceTree = "<group>"; };
		6F910C772C091EB400477A27 /* 76.png */ = {isa = PBXFileReference; lastKnownFileType = image.png; name = 76.png; path = ../../../../Downloads/76.png; sourceTree = "<group>"; };
		6F910C782C091EB400477A27 /* 128.png */ = {isa = PBXFileReference; lastKnownFileType = image.png; name = 128.png; path = ../../../../Downloads/128.png; sourceTree = "<group>"; };
		6F910C792C091EB400477A27 /* 167.png */ = {isa = PBXFileReference; lastKnownFileType = image.png; name = 167.png; path = ../../../../Downloads/167.png; sourceTree = "<group>"; };
		6F910C7A2C091EB400477A27 /* 152.png */ = {isa = PBXFileReference; lastKnownFileType = image.png; name = 152.png; path = ../../../../Downloads/152.png; sourceTree = "<group>"; };
		6F910C7F2C091F4D00477A27 /* 136.png */ = {isa = PBXFileReference; lastKnownFileType = image.png; name = 136.png; path = ../../../../Downloads/136.png; sourceTree = "<group>"; };
		6F910C812C091F5C00477A27 /* 192.png */ = {isa = PBXFileReference; lastKnownFileType = image.png; name = 192.png; path = ../../../../Downloads/192.png; sourceTree = "<group>"; };
		6FEE429B2BFC10C600D974B8 /* ligand.txt */ = {isa = PBXFileReference; fileEncoding = 4; lastKnownFileType = text; path = ligand.txt; sourceTree = "<group>"; };
		6FEE429F2BFC157200D974B8 /* LoginView.swift */ = {isa = PBXFileReference; lastKnownFileType = sourcecode.swift; path = LoginView.swift; sourceTree = "<group>"; };
		6FEE42A12BFC157E00D974B8 /* ProteinListView.swift */ = {isa = PBXFileReference; lastKnownFileType = sourcecode.swift; path = ProteinListView.swift; sourceTree = "<group>"; };
		6FEE42A32BFC158700D974B8 /* ProteinView.swift */ = {isa = PBXFileReference; lastKnownFileType = sourcecode.swift; path = ProteinView.swift; sourceTree = "<group>"; };
		6FEE42AB2BFCE9D000D974B8 /* LaunchScreen.storyboard */ = {isa = PBXFileReference; lastKnownFileType = file.storyboard; path = LaunchScreen.storyboard; sourceTree = "<group>"; };
		6FEE42B02BFE3FD800D974B8 /* ProteinListViewModel.swift */ = {isa = PBXFileReference; lastKnownFileType = sourcecode.swift; path = ProteinListViewModel.swift; sourceTree = "<group>"; };
		B7BAA5432BF88B730046F051 /* SwiftyProteins.app */ = {isa = PBXFileReference; explicitFileType = wrapper.application; includeInIndex = 0; path = SwiftyProteins.app; sourceTree = BUILT_PRODUCTS_DIR; };
		B7BAA5462BF88B730046F051 /* SwiftyProteinsApp.swift */ = {isa = PBXFileReference; lastKnownFileType = sourcecode.swift; path = SwiftyProteinsApp.swift; sourceTree = "<group>"; };
		B7BAA54A2BF88B740046F051 /* Assets.xcassets */ = {isa = PBXFileReference; lastKnownFileType = folder.assetcatalog; path = Assets.xcassets; sourceTree = "<group>"; };
		B7BAA54D2BF88B740046F051 /* Preview Assets.xcassets */ = {isa = PBXFileReference; lastKnownFileType = folder.assetcatalog; path = "Preview Assets.xcassets"; sourceTree = "<group>"; };
		B7BAA5532BF88B740046F051 /* SwiftyProteinsTests.xctest */ = {isa = PBXFileReference; explicitFileType = wrapper.cfbundle; includeInIndex = 0; path = SwiftyProteinsTests.xctest; sourceTree = BUILT_PRODUCTS_DIR; };
		B7BAA5572BF88B740046F051 /* SwiftyProteinsTests.swift */ = {isa = PBXFileReference; lastKnownFileType = sourcecode.swift; path = SwiftyProteinsTests.swift; sourceTree = "<group>"; };
		B7BAA55D2BF88B740046F051 /* SwiftyProteinsUITests.xctest */ = {isa = PBXFileReference; explicitFileType = wrapper.cfbundle; includeInIndex = 0; path = SwiftyProteinsUITests.xctest; sourceTree = BUILT_PRODUCTS_DIR; };
		B7BAA5612BF88B740046F051 /* SwiftyProteinsUITests.swift */ = {isa = PBXFileReference; lastKnownFileType = sourcecode.swift; path = SwiftyProteinsUITests.swift; sourceTree = "<group>"; };
		B7BAA5632BF88B740046F051 /* SwiftyProteinsUITestsLaunchTests.swift */ = {isa = PBXFileReference; lastKnownFileType = sourcecode.swift; path = SwiftyProteinsUITestsLaunchTests.swift; sourceTree = "<group>"; };
/* End PBXFileReference section */

/* Begin PBXFrameworksBuildPhase section */
		B7BAA5402BF88B730046F051 /* Frameworks */ = {
			isa = PBXFrameworksBuildPhase;
			buildActionMask = 2147483647;
			files = (
				6F413E9C2C0497F5000BAE8F /* SQLite in Frameworks */,
			);
			runOnlyForDeploymentPostprocessing = 0;
		};
		B7BAA5502BF88B740046F051 /* Frameworks */ = {
			isa = PBXFrameworksBuildPhase;
			buildActionMask = 2147483647;
			files = (
			);
			runOnlyForDeploymentPostprocessing = 0;
		};
		B7BAA55A2BF88B740046F051 /* Frameworks */ = {
			isa = PBXFrameworksBuildPhase;
			buildActionMask = 2147483647;
			files = (
			);
			runOnlyForDeploymentPostprocessing = 0;
		};
/* End PBXFrameworksBuildPhase section */

/* Begin PBXGroup section */
		6FEE429D2BFC113200D974B8 /* Resources */ = {
			isa = PBXGroup;
			children = (
				6F910C7F2C091F4D00477A27 /* 136.png */,
				6F910C772C091EB400477A27 /* 76.png */,
				6F910C782C091EB400477A27 /* 128.png */,
				6F910C7A2C091EB400477A27 /* 152.png */,
				6F910C792C091EB400477A27 /* 167.png */,
				6F910C812C091F5C00477A27 /* 192.png */,
				6F910C642C091DE700477A27 /* 29.png */,
				6F910C6B2C091DE700477A27 /* 40.png */,
				6F910C662C091DE700477A27 /* 57.png */,
				6F910C6A2C091DE700477A27 /* 58.png */,
				6F910C632C091DE700477A27 /* 60.png */,
				6F910C672C091DE700477A27 /* 80.png */,
				6F910C622C091DE700477A27 /* 87.png */,
				6F910C652C091DE700477A27 /* 114.png */,
				6F910C612C091DE700477A27 /* 120.png */,
				6F910C682C091DE700477A27 /* 180.png */,
				6F910C692C091DE700477A27 /* 1024.png */,
				6F0D887D2C06571900BFDC41 /* swifty-logo.png */,
				6FEE429B2BFC10C600D974B8 /* ligand.txt */,
			);
			path = Resources;
			sourceTree = "<group>";
		};
		6FEE429E2BFC155400D974B8 /* Views */ = {
			isa = PBXGroup;
			children = (
				6FEE429F2BFC157200D974B8 /* LoginView.swift */,
				6FEE42A12BFC157E00D974B8 /* ProteinListView.swift */,
				6FEE42A32BFC158700D974B8 /* ProteinView.swift */,
				6F413EA12C049B24000BAE8F /* CreateAccountView.swift */,
			);
			path = Views;
			sourceTree = "<group>";
		};
		6FEE42AF2BFE3FBD00D974B8 /* ViewModels */ = {
			isa = PBXGroup;
			children = (
				6FEE42B02BFE3FD800D974B8 /* ProteinListViewModel.swift */,
				6F413E9D2C049A82000BAE8F /* LoginViewModel.swift */,
				6F413E9F2C049AD7000BAE8F /* CreateAccountViewModel.swift */,
			);
			path = ViewModels;
			sourceTree = "<group>";
		};
		B7BAA53A2BF88B730046F051 = {
			isa = PBXGroup;
			children = (
				B7BAA5452BF88B730046F051 /* SwiftyProteins */,
				B7BAA5562BF88B740046F051 /* SwiftyProteinsTests */,
				B7BAA5602BF88B740046F051 /* SwiftyProteinsUITests */,
				B7BAA5442BF88B730046F051 /* Products */,
			);
			sourceTree = "<group>";
		};
		B7BAA5442BF88B730046F051 /* Products */ = {
			isa = PBXGroup;
			children = (
				B7BAA5432BF88B730046F051 /* SwiftyProteins.app */,
				B7BAA5532BF88B740046F051 /* SwiftyProteinsTests.xctest */,
				B7BAA55D2BF88B740046F051 /* SwiftyProteinsUITests.xctest */,
			);
			name = Products;
			sourceTree = "<group>";
		};
		B7BAA5452BF88B730046F051 /* SwiftyProteins */ = {
			isa = PBXGroup;
			children = (
				6F413E992C0497C8000BAE8F /* db.swift */,
				6FEE42AF2BFE3FBD00D974B8 /* ViewModels */,
				6FEE429E2BFC155400D974B8 /* Views */,
				6FEE429D2BFC113200D974B8 /* Resources */,
				B7BAA5462BF88B730046F051 /* SwiftyProteinsApp.swift */,
				B7BAA54A2BF88B740046F051 /* Assets.xcassets */,
				B7BAA54C2BF88B740046F051 /* Preview Content */,
				6FEE42AB2BFCE9D000D974B8 /* LaunchScreen.storyboard */,
			);
			path = SwiftyProteins;
			sourceTree = "<group>";
		};
		B7BAA54C2BF88B740046F051 /* Preview Content */ = {
			isa = PBXGroup;
			children = (
				B7BAA54D2BF88B740046F051 /* Preview Assets.xcassets */,
			);
			path = "Preview Content";
			sourceTree = "<group>";
		};
		B7BAA5562BF88B740046F051 /* SwiftyProteinsTests */ = {
			isa = PBXGroup;
			children = (
				B7BAA5572BF88B740046F051 /* SwiftyProteinsTests.swift */,
			);
			path = SwiftyProteinsTests;
			sourceTree = "<group>";
		};
		B7BAA5602BF88B740046F051 /* SwiftyProteinsUITests */ = {
			isa = PBXGroup;
			children = (
				B7BAA5612BF88B740046F051 /* SwiftyProteinsUITests.swift */,
				B7BAA5632BF88B740046F051 /* SwiftyProteinsUITestsLaunchTests.swift */,
			);
			path = SwiftyProteinsUITests;
			sourceTree = "<group>";
		};
/* End PBXGroup section */

/* Begin PBXNativeTarget section */
		B7BAA5422BF88B730046F051 /* SwiftyProteins */ = {
			isa = PBXNativeTarget;
			buildConfigurationList = B7BAA5672BF88B740046F051 /* Build configuration list for PBXNativeTarget "SwiftyProteins" */;
			buildPhases = (
				B7BAA53F2BF88B730046F051 /* Sources */,
				B7BAA5402BF88B730046F051 /* Frameworks */,
				B7BAA5412BF88B730046F051 /* Resources */,
			);
			buildRules = (
			);
			dependencies = (
			);
			name = SwiftyProteins;
			packageProductDependencies = (
				6F413E9B2C0497F5000BAE8F /* SQLite */,
			);
			productName = SwiftyProteins;
			productReference = B7BAA5432BF88B730046F051 /* SwiftyProteins.app */;
			productType = "com.apple.product-type.application";
		};
		B7BAA5522BF88B740046F051 /* SwiftyProteinsTests */ = {
			isa = PBXNativeTarget;
			buildConfigurationList = B7BAA56A2BF88B740046F051 /* Build configuration list for PBXNativeTarget "SwiftyProteinsTests" */;
			buildPhases = (
				B7BAA54F2BF88B740046F051 /* Sources */,
				B7BAA5502BF88B740046F051 /* Frameworks */,
				B7BAA5512BF88B740046F051 /* Resources */,
			);
			buildRules = (
			);
			dependencies = (
				B7BAA5552BF88B740046F051 /* PBXTargetDependency */,
			);
			name = SwiftyProteinsTests;
			productName = SwiftyProteinsTests;
			productReference = B7BAA5532BF88B740046F051 /* SwiftyProteinsTests.xctest */;
			productType = "com.apple.product-type.bundle.unit-test";
		};
		B7BAA55C2BF88B740046F051 /* SwiftyProteinsUITests */ = {
			isa = PBXNativeTarget;
			buildConfigurationList = B7BAA56D2BF88B740046F051 /* Build configuration list for PBXNativeTarget "SwiftyProteinsUITests" */;
			buildPhases = (
				B7BAA5592BF88B740046F051 /* Sources */,
				B7BAA55A2BF88B740046F051 /* Frameworks */,
				B7BAA55B2BF88B740046F051 /* Resources */,
			);
			buildRules = (
			);
			dependencies = (
				B7BAA55F2BF88B740046F051 /* PBXTargetDependency */,
			);
			name = SwiftyProteinsUITests;
			productName = SwiftyProteinsUITests;
			productReference = B7BAA55D2BF88B740046F051 /* SwiftyProteinsUITests.xctest */;
			productType = "com.apple.product-type.bundle.ui-testing";
		};
/* End PBXNativeTarget section */

/* Begin PBXProject section */
		B7BAA53B2BF88B730046F051 /* Project object */ = {
			isa = PBXProject;
			attributes = {
				BuildIndependentTargetsInParallel = 1;
				LastSwiftUpdateCheck = 1530;
				LastUpgradeCheck = 1530;
				TargetAttributes = {
					B7BAA5422BF88B730046F051 = {
						CreatedOnToolsVersion = 15.3;
					};
					B7BAA5522BF88B740046F051 = {
						CreatedOnToolsVersion = 15.3;
						TestTargetID = B7BAA5422BF88B730046F051;
					};
					B7BAA55C2BF88B740046F051 = {
						CreatedOnToolsVersion = 15.3;
						TestTargetID = B7BAA5422BF88B730046F051;
					};
				};
			};
			buildConfigurationList = B7BAA53E2BF88B730046F051 /* Build configuration list for PBXProject "SwiftyProteins" */;
			compatibilityVersion = "Xcode 14.0";
			developmentRegion = en;
			hasScannedForEncodings = 0;
			knownRegions = (
				en,
				Base,
			);
			mainGroup = B7BAA53A2BF88B730046F051;
			packageReferences = (
				6F413E982C049579000BAE8F /* XCRemoteSwiftPackageReference "SQLite" */,
			);
			productRefGroup = B7BAA5442BF88B730046F051 /* Products */;
			projectDirPath = "";
			projectRoot = "";
			targets = (
				B7BAA5422BF88B730046F051 /* SwiftyProteins */,
				B7BAA5522BF88B740046F051 /* SwiftyProteinsTests */,
				B7BAA55C2BF88B740046F051 /* SwiftyProteinsUITests */,
			);
		};
/* End PBXProject section */

/* Begin PBXResourcesBuildPhase section */
		B7BAA5412BF88B730046F051 /* Resources */ = {
			isa = PBXResourcesBuildPhase;
			buildActionMask = 2147483647;
			files = (
				6F910C802C091F4E00477A27 /* 136.png in Resources */,
				6F910C712C091DE700477A27 /* 57.png in Resources */,
				6F910C702C091DE700477A27 /* 114.png in Resources */,
				6F910C732C091DE700477A27 /* 180.png in Resources */,
				6F910C6F2C091DE700477A27 /* 29.png in Resources */,
				B7BAA54E2BF88B740046F051 /* Preview Assets.xcassets in Resources */,
				6F910C822C091F5C00477A27 /* 192.png in Resources */,
				6F910C6D2C091DE700477A27 /* 87.png in Resources */,
				6F0D887E2C06571900BFDC41 /* swifty-logo.png in Resources */,
				6F910C7B2C091EB400477A27 /* 76.png in Resources */,
				6FEE429C2BFC10C700D974B8 /* ligand.txt in Resources */,
				6F910C7C2C091EB400477A27 /* 128.png in Resources */,
				6F910C6C2C091DE700477A27 /* 120.png in Resources */,
				6F910C7D2C091EB400477A27 /* 167.png in Resources */,
				B7BAA54B2BF88B740046F051 /* Assets.xcassets in Resources */,
				6F910C752C091DE700477A27 /* 58.png in Resources */,
				6F910C7E2C091EB400477A27 /* 152.png in Resources */,
				6F910C742C091DE700477A27 /* 1024.png in Resources */,
				6F910C722C091DE700477A27 /* 80.png in Resources */,
				6F910C762C091DE700477A27 /* 40.png in Resources */,
				6FEE42AC2BFCE9D000D974B8 /* LaunchScreen.storyboard in Resources */,
				6F910C6E2C091DE700477A27 /* 60.png in Resources */,
			);
			runOnlyForDeploymentPostprocessing = 0;
		};
		B7BAA5512BF88B740046F051 /* Resources */ = {
			isa = PBXResourcesBuildPhase;
			buildActionMask = 2147483647;
			files = (
			);
			runOnlyForDeploymentPostprocessing = 0;
		};
		B7BAA55B2BF88B740046F051 /* Resources */ = {
			isa = PBXResourcesBuildPhase;
			buildActionMask = 2147483647;
			files = (
			);
			runOnlyForDeploymentPostprocessing = 0;
		};
/* End PBXResourcesBuildPhase section */

/* Begin PBXSourcesBuildPhase section */
		B7BAA53F2BF88B730046F051 /* Sources */ = {
			isa = PBXSourcesBuildPhase;
			buildActionMask = 2147483647;
			files = (
				6FEE42B12BFE3FD800D974B8 /* ProteinListViewModel.swift in Sources */,
				6F413E9A2C0497C8000BAE8F /* db.swift in Sources */,
				6FEE42A02BFC157200D974B8 /* LoginView.swift in Sources */,
				6F413EA22C049B24000BAE8F /* CreateAccountView.swift in Sources */,
				6FEE42A42BFC158700D974B8 /* ProteinView.swift in Sources */,
				6F413EA02C049AD7000BAE8F /* CreateAccountViewModel.swift in Sources */,
				6FEE42A22BFC157E00D974B8 /* ProteinListView.swift in Sources */,
				B7BAA5472BF88B730046F051 /* SwiftyProteinsApp.swift in Sources */,
				6F413E9E2C049A82000BAE8F /* LoginViewModel.swift in Sources */,
			);
			runOnlyForDeploymentPostprocessing = 0;
		};
		B7BAA54F2BF88B740046F051 /* Sources */ = {
			isa = PBXSourcesBuildPhase;
			buildActionMask = 2147483647;
			files = (
				B7BAA5582BF88B740046F051 /* SwiftyProteinsTests.swift in Sources */,
			);
			runOnlyForDeploymentPostprocessing = 0;
		};
		B7BAA5592BF88B740046F051 /* Sources */ = {
			isa = PBXSourcesBuildPhase;
			buildActionMask = 2147483647;
			files = (
				B7BAA5642BF88B740046F051 /* SwiftyProteinsUITestsLaunchTests.swift in Sources */,
				B7BAA5622BF88B740046F051 /* SwiftyProteinsUITests.swift in Sources */,
			);
			runOnlyForDeploymentPostprocessing = 0;
		};
/* End PBXSourcesBuildPhase section */

/* Begin PBXTargetDependency section */
		B7BAA5552BF88B740046F051 /* PBXTargetDependency */ = {
			isa = PBXTargetDependency;
			target = B7BAA5422BF88B730046F051 /* SwiftyProteins */;
			targetProxy = B7BAA5542BF88B740046F051 /* PBXContainerItemProxy */;
		};
		B7BAA55F2BF88B740046F051 /* PBXTargetDependency */ = {
			isa = PBXTargetDependency;
			target = B7BAA5422BF88B730046F051 /* SwiftyProteins */;
			targetProxy = B7BAA55E2BF88B740046F051 /* PBXContainerItemProxy */;
		};
/* End PBXTargetDependency section */

/* Begin XCBuildConfiguration section */
		B7BAA5652BF88B740046F051 /* Debug */ = {
			isa = XCBuildConfiguration;
			buildSettings = {
				ALWAYS_SEARCH_USER_PATHS = NO;
				ASSETCATALOG_COMPILER_GENERATE_SWIFT_ASSET_SYMBOL_EXTENSIONS = YES;
				CLANG_ANALYZER_NONNULL = YES;
				CLANG_ANALYZER_NUMBER_OBJECT_CONVERSION = YES_AGGRESSIVE;
				CLANG_CXX_LANGUAGE_STANDARD = "gnu++20";
				CLANG_ENABLE_MODULES = YES;
				CLANG_ENABLE_OBJC_ARC = YES;
				CLANG_ENABLE_OBJC_WEAK = YES;
				CLANG_WARN_BLOCK_CAPTURE_AUTORELEASING = YES;
				CLANG_WARN_BOOL_CONVERSION = YES;
				CLANG_WARN_COMMA = YES;
				CLANG_WARN_CONSTANT_CONVERSION = YES;
				CLANG_WARN_DEPRECATED_OBJC_IMPLEMENTATIONS = YES;
				CLANG_WARN_DIRECT_OBJC_ISA_USAGE = YES_ERROR;
				CLANG_WARN_DOCUMENTATION_COMMENTS = YES;
				CLANG_WARN_EMPTY_BODY = YES;
				CLANG_WARN_ENUM_CONVERSION = YES;
				CLANG_WARN_INFINITE_RECURSION = YES;
				CLANG_WARN_INT_CONVERSION = YES;
				CLANG_WARN_NON_LITERAL_NULL_CONVERSION = YES;
				CLANG_WARN_OBJC_IMPLICIT_RETAIN_SELF = YES;
				CLANG_WARN_OBJC_LITERAL_CONVERSION = YES;
				CLANG_WARN_OBJC_ROOT_CLASS = YES_ERROR;
				CLANG_WARN_QUOTED_INCLUDE_IN_FRAMEWORK_HEADER = YES;
				CLANG_WARN_RANGE_LOOP_ANALYSIS = YES;
				CLANG_WARN_STRICT_PROTOTYPES = YES;
				CLANG_WARN_SUSPICIOUS_MOVE = YES;
				CLANG_WARN_UNGUARDED_AVAILABILITY = YES_AGGRESSIVE;
				CLANG_WARN_UNREACHABLE_CODE = YES;
				CLANG_WARN__DUPLICATE_METHOD_MATCH = YES;
				COPY_PHASE_STRIP = NO;
				DEBUG_INFORMATION_FORMAT = dwarf;
				ENABLE_STRICT_OBJC_MSGSEND = YES;
				ENABLE_TESTABILITY = YES;
				ENABLE_USER_SCRIPT_SANDBOXING = YES;
				GCC_C_LANGUAGE_STANDARD = gnu17;
				GCC_DYNAMIC_NO_PIC = NO;
				GCC_NO_COMMON_BLOCKS = YES;
				GCC_OPTIMIZATION_LEVEL = 0;
				GCC_PREPROCESSOR_DEFINITIONS = (
					"DEBUG=1",
					"$(inherited)",
				);
				GCC_WARN_64_TO_32_BIT_CONVERSION = YES;
				GCC_WARN_ABOUT_RETURN_TYPE = YES_ERROR;
				GCC_WARN_UNDECLARED_SELECTOR = YES;
				GCC_WARN_UNINITIALIZED_AUTOS = YES_AGGRESSIVE;
				GCC_WARN_UNUSED_FUNCTION = YES;
				GCC_WARN_UNUSED_VARIABLE = YES;
				IPHONEOS_DEPLOYMENT_TARGET = 17.4;
				LOCALIZATION_PREFERS_STRING_CATALOGS = YES;
				MTL_ENABLE_DEBUG_INFO = INCLUDE_SOURCE;
				MTL_FAST_MATH = YES;
				ONLY_ACTIVE_ARCH = YES;
				SDKROOT = iphoneos;
				SWIFT_ACTIVE_COMPILATION_CONDITIONS = "DEBUG $(inherited)";
				SWIFT_OPTIMIZATION_LEVEL = "-Onone";
			};
			name = Debug;
		};
		B7BAA5662BF88B740046F051 /* Release */ = {
			isa = XCBuildConfiguration;
			buildSettings = {
				ALWAYS_SEARCH_USER_PATHS = NO;
				ASSETCATALOG_COMPILER_GENERATE_SWIFT_ASSET_SYMBOL_EXTENSIONS = YES;
				CLANG_ANALYZER_NONNULL = YES;
				CLANG_ANALYZER_NUMBER_OBJECT_CONVERSION = YES_AGGRESSIVE;
				CLANG_CXX_LANGUAGE_STANDARD = "gnu++20";
				CLANG_ENABLE_MODULES = YES;
				CLANG_ENABLE_OBJC_ARC = YES;
				CLANG_ENABLE_OBJC_WEAK = YES;
				CLANG_WARN_BLOCK_CAPTURE_AUTORELEASING = YES;
				CLANG_WARN_BOOL_CONVERSION = YES;
				CLANG_WARN_COMMA = YES;
				CLANG_WARN_CONSTANT_CONVERSION = YES;
				CLANG_WARN_DEPRECATED_OBJC_IMPLEMENTATIONS = YES;
				CLANG_WARN_DIRECT_OBJC_ISA_USAGE = YES_ERROR;
				CLANG_WARN_DOCUMENTATION_COMMENTS = YES;
				CLANG_WARN_EMPTY_BODY = YES;
				CLANG_WARN_ENUM_CONVERSION = YES;
				CLANG_WARN_INFINITE_RECURSION = YES;
				CLANG_WARN_INT_CONVERSION = YES;
				CLANG_WARN_NON_LITERAL_NULL_CONVERSION = YES;
				CLANG_WARN_OBJC_IMPLICIT_RETAIN_SELF = YES;
				CLANG_WARN_OBJC_LITERAL_CONVERSION = YES;
				CLANG_WARN_OBJC_ROOT_CLASS = YES_ERROR;
				CLANG_WARN_QUOTED_INCLUDE_IN_FRAMEWORK_HEADER = YES;
				CLANG_WARN_RANGE_LOOP_ANALYSIS = YES;
				CLANG_WARN_STRICT_PROTOTYPES = YES;
				CLANG_WARN_SUSPICIOUS_MOVE = YES;
				CLANG_WARN_UNGUARDED_AVAILABILITY = YES_AGGRESSIVE;
				CLANG_WARN_UNREACHABLE_CODE = YES;
				CLANG_WARN__DUPLICATE_METHOD_MATCH = YES;
				COPY_PHASE_STRIP = NO;
				DEBUG_INFORMATION_FORMAT = "dwarf-with-dsym";
				ENABLE_NS_ASSERTIONS = NO;
				ENABLE_STRICT_OBJC_MSGSEND = YES;
				ENABLE_USER_SCRIPT_SANDBOXING = YES;
				GCC_C_LANGUAGE_STANDARD = gnu17;
				GCC_NO_COMMON_BLOCKS = YES;
				GCC_WARN_64_TO_32_BIT_CONVERSION = YES;
				GCC_WARN_ABOUT_RETURN_TYPE = YES_ERROR;
				GCC_WARN_UNDECLARED_SELECTOR = YES;
				GCC_WARN_UNINITIALIZED_AUTOS = YES_AGGRESSIVE;
				GCC_WARN_UNUSED_FUNCTION = YES;
				GCC_WARN_UNUSED_VARIABLE = YES;
				IPHONEOS_DEPLOYMENT_TARGET = 17.4;
				LOCALIZATION_PREFERS_STRING_CATALOGS = YES;
				MTL_ENABLE_DEBUG_INFO = NO;
				MTL_FAST_MATH = YES;
				SDKROOT = iphoneos;
				SWIFT_COMPILATION_MODE = wholemodule;
				VALIDATE_PRODUCT = YES;
			};
			name = Release;
		};
		B7BAA5682BF88B740046F051 /* Debug */ = {
			isa = XCBuildConfiguration;
			buildSettings = {
				ASSETCATALOG_COMPILER_APPICON_NAME = AppIcon;
				ASSETCATALOG_COMPILER_GLOBAL_ACCENT_COLOR_NAME = AccentColor;
				ASSETCATALOG_COMPILER_INCLUDE_ALL_APPICON_ASSETS = YES;
				CODE_SIGN_STYLE = Automatic;
				CURRENT_PROJECT_VERSION = 1;
				DEVELOPMENT_ASSET_PATHS = "\"SwiftyProteins/Preview Content\"";
				ENABLE_PREVIEWS = YES;
				GENERATE_INFOPLIST_FILE = YES;
				INFOPLIST_FILE = SwiftyProteins/Info.plist;
				INFOPLIST_KEY_NSFaceIDUsageDescription = "Let's identify";
				INFOPLIST_KEY_UIApplicationSceneManifest_Generation = YES;
				INFOPLIST_KEY_UIApplicationSupportsIndirectInputEvents = YES;
				INFOPLIST_KEY_UILaunchStoryboardName = LaunchScreen.storyboard;
				INFOPLIST_KEY_UISupportedInterfaceOrientations_iPad = "UIInterfaceOrientationPortrait UIInterfaceOrientationPortraitUpsideDown UIInterfaceOrientationLandscapeLeft UIInterfaceOrientationLandscapeRight";
				INFOPLIST_KEY_UISupportedInterfaceOrientations_iPhone = "UIInterfaceOrientationPortrait UIInterfaceOrientationLandscapeLeft UIInterfaceOrientationLandscapeRight";
				LD_RUNPATH_SEARCH_PATHS = (
					"$(inherited)",
					"@executable_path/Frameworks",
				);
				MARKETING_VERSION = 1.0;
				PRODUCT_BUNDLE_IDENTIFIER = "Swifty-Proteins.SwiftyProteins";
				PRODUCT_NAME = "$(TARGET_NAME)";
				SWIFT_EMIT_LOC_STRINGS = YES;
				SWIFT_VERSION = 5.0;
				TARGETED_DEVICE_FAMILY = "1,2";
			};
			name = Debug;
		};
		B7BAA5692BF88B740046F051 /* Release */ = {
			isa = XCBuildConfiguration;
			buildSettings = {
				ASSETCATALOG_COMPILER_APPICON_NAME = AppIcon;
				ASSETCATALOG_COMPILER_GLOBAL_ACCENT_COLOR_NAME = AccentColor;
				ASSETCATALOG_COMPILER_INCLUDE_ALL_APPICON_ASSETS = YES;
				CODE_SIGN_STYLE = Automatic;
				CURRENT_PROJECT_VERSION = 1;
				DEVELOPMENT_ASSET_PATHS = "\"SwiftyProteins/Preview Content\"";
				ENABLE_PREVIEWS = YES;
				GENERATE_INFOPLIST_FILE = YES;
				INFOPLIST_FILE = SwiftyProteins/Info.plist;
				INFOPLIST_KEY_NSFaceIDUsageDescription = "Let's identify";
				INFOPLIST_KEY_UIApplicationSceneManifest_Generation = YES;
				INFOPLIST_KEY_UIApplicationSupportsIndirectInputEvents = YES;
				INFOPLIST_KEY_UILaunchStoryboardName = LaunchScreen.storyboard;
				INFOPLIST_KEY_UISupportedInterfaceOrientations_iPad = "UIInterfaceOrientationPortrait UIInterfaceOrientationPortraitUpsideDown UIInterfaceOrientationLandscapeLeft UIInterfaceOrientationLandscapeRight";
				INFOPLIST_KEY_UISupportedInterfaceOrientations_iPhone = "UIInterfaceOrientationPortrait UIInterfaceOrientationLandscapeLeft UIInterfaceOrientationLandscapeRight";
				LD_RUNPATH_SEARCH_PATHS = (
					"$(inherited)",
					"@executable_path/Frameworks",
				);
				MARKETING_VERSION = 1.0;
				PRODUCT_BUNDLE_IDENTIFIER = "Swifty-Proteins.SwiftyProteins";
				PRODUCT_NAME = "$(TARGET_NAME)";
				SWIFT_EMIT_LOC_STRINGS = YES;
				SWIFT_VERSION = 5.0;
				TARGETED_DEVICE_FAMILY = "1,2";
			};
			name = Release;
		};
		B7BAA56B2BF88B740046F051 /* Debug */ = {
			isa = XCBuildConfiguration;
			buildSettings = {
				ALWAYS_EMBED_SWIFT_STANDARD_LIBRARIES = YES;
				BUNDLE_LOADER = "$(TEST_HOST)";
				CODE_SIGN_STYLE = Automatic;
				CURRENT_PROJECT_VERSION = 1;
				GENERATE_INFOPLIST_FILE = YES;
				IPHONEOS_DEPLOYMENT_TARGET = 17.4;
				MARKETING_VERSION = 1.0;
				PRODUCT_BUNDLE_IDENTIFIER = "Swifty-Proteins.SwiftyProteinsTests";
				PRODUCT_NAME = "$(TARGET_NAME)";
				SWIFT_EMIT_LOC_STRINGS = NO;
				SWIFT_VERSION = 5.0;
				TARGETED_DEVICE_FAMILY = "1,2";
				TEST_HOST = "$(BUILT_PRODUCTS_DIR)/SwiftyProteins.app/$(BUNDLE_EXECUTABLE_FOLDER_PATH)/SwiftyProteins";
			};
			name = Debug;
		};
		B7BAA56C2BF88B740046F051 /* Release */ = {
			isa = XCBuildConfiguration;
			buildSettings = {
				ALWAYS_EMBED_SWIFT_STANDARD_LIBRARIES = YES;
				BUNDLE_LOADER = "$(TEST_HOST)";
				CODE_SIGN_STYLE = Automatic;
				CURRENT_PROJECT_VERSION = 1;
				GENERATE_INFOPLIST_FILE = YES;
				IPHONEOS_DEPLOYMENT_TARGET = 17.4;
				MARKETING_VERSION = 1.0;
				PRODUCT_BUNDLE_IDENTIFIER = "Swifty-Proteins.SwiftyProteinsTests";
				PRODUCT_NAME = "$(TARGET_NAME)";
				SWIFT_EMIT_LOC_STRINGS = NO;
				SWIFT_VERSION = 5.0;
				TARGETED_DEVICE_FAMILY = "1,2";
				TEST_HOST = "$(BUILT_PRODUCTS_DIR)/SwiftyProteins.app/$(BUNDLE_EXECUTABLE_FOLDER_PATH)/SwiftyProteins";
			};
			name = Release;
		};
		B7BAA56E2BF88B740046F051 /* Debug */ = {
			isa = XCBuildConfiguration;
			buildSettings = {
				ALWAYS_EMBED_SWIFT_STANDARD_LIBRARIES = YES;
				CODE_SIGN_STYLE = Automatic;
				CURRENT_PROJECT_VERSION = 1;
				GENERATE_INFOPLIST_FILE = YES;
				MARKETING_VERSION = 1.0;
				PRODUCT_BUNDLE_IDENTIFIER = "Swifty-Proteins.SwiftyProteinsUITests";
				PRODUCT_NAME = "$(TARGET_NAME)";
				SWIFT_EMIT_LOC_STRINGS = NO;
				SWIFT_VERSION = 5.0;
				TARGETED_DEVICE_FAMILY = "1,2";
				TEST_TARGET_NAME = SwiftyProteins;
			};
			name = Debug;
		};
		B7BAA56F2BF88B740046F051 /* Release */ = {
			isa = XCBuildConfiguration;
			buildSettings = {
				ALWAYS_EMBED_SWIFT_STANDARD_LIBRARIES = YES;
				CODE_SIGN_STYLE = Automatic;
				CURRENT_PROJECT_VERSION = 1;
				GENERATE_INFOPLIST_FILE = YES;
				MARKETING_VERSION = 1.0;
				PRODUCT_BUNDLE_IDENTIFIER = "Swifty-Proteins.SwiftyProteinsUITests";
				PRODUCT_NAME = "$(TARGET_NAME)";
				SWIFT_EMIT_LOC_STRINGS = NO;
				SWIFT_VERSION = 5.0;
				TARGETED_DEVICE_FAMILY = "1,2";
				TEST_TARGET_NAME = SwiftyProteins;
			};
			name = Release;
		};
/* End XCBuildConfiguration section */

/* Begin XCConfigurationList section */
		B7BAA53E2BF88B730046F051 /* Build configuration list for PBXProject "SwiftyProteins" */ = {
			isa = XCConfigurationList;
			buildConfigurations = (
				B7BAA5652BF88B740046F051 /* Debug */,
				B7BAA5662BF88B740046F051 /* Release */,
			);
			defaultConfigurationIsVisible = 0;
			defaultConfigurationName = Release;
		};
		B7BAA5672BF88B740046F051 /* Build configuration list for PBXNativeTarget "SwiftyProteins" */ = {
			isa = XCConfigurationList;
			buildConfigurations = (
				B7BAA5682BF88B740046F051 /* Debug */,
				B7BAA5692BF88B740046F051 /* Release */,
			);
			defaultConfigurationIsVisible = 0;
			defaultConfigurationName = Release;
		};
		B7BAA56A2BF88B740046F051 /* Build configuration list for PBXNativeTarget "SwiftyProteinsTests" */ = {
			isa = XCConfigurationList;
			buildConfigurations = (
				B7BAA56B2BF88B740046F051 /* Debug */,
				B7BAA56C2BF88B740046F051 /* Release */,
			);
			defaultConfigurationIsVisible = 0;
			defaultConfigurationName = Release;
		};
		B7BAA56D2BF88B740046F051 /* Build configuration list for PBXNativeTarget "SwiftyProteinsUITests" */ = {
			isa = XCConfigurationList;
			buildConfigurations = (
				B7BAA56E2BF88B740046F051 /* Debug */,
				B7BAA56F2BF88B740046F051 /* Release */,
			);
			defaultConfigurationIsVisible = 0;
			defaultConfigurationName = Release;
		};
/* End XCConfigurationList section */

/* Begin XCRemoteSwiftPackageReference section */
		6F413E982C049579000BAE8F /* XCRemoteSwiftPackageReference "SQLite" */ = {
			isa = XCRemoteSwiftPackageReference;
			repositoryURL = "https://github.com/stephencelis/SQLite.swift";
			requirement = {
				kind = upToNextMajorVersion;
				minimumVersion = 0.15.3;
			};
		};
/* End XCRemoteSwiftPackageReference section */

/* Begin XCSwiftPackageProductDependency section */
		6F413E9B2C0497F5000BAE8F /* SQLite */ = {
			isa = XCSwiftPackageProductDependency;
			package = 6F413E982C049579000BAE8F /* XCRemoteSwiftPackageReference "SQLite" */;
			productName = SQLite;
		};
/* End XCSwiftPackageProductDependency section */
	};
	rootObject = B7BAA53B2BF88B730046F051 /* Project object */;
}
